
Microsoft Visual Studio Solution File, Format Version 12.00
# Visual Studio Version 17
VisualStudioVersion = 17.8.34408.163
MinimumVisualStudioVersion = 10.0.40219.1
Project("{9A19103F-16F7-4668-BE54-9A1E7A4F7556}") = "MyFirstConsoleAppMonday2", "MyFirstConsoleAppMonday\MyFirstConsoleAppMonday2.csproj", "{C8A3748A-4735-44BE-96DD-D2C915560B2A}"
EndProject
Project("{FAE04EC0-301F-11D3-BF4B-00C04F79EFBC}") = "Services", "Services\Services.csproj", "{CAD2F453-A401-412A-A9EB-60E2C7A2EFE3}"
EndProject
Project("{FAE04EC0-301F-11D3-BF4B-00C04F79EFBC}") = "Repository", "Repository\Repository.csproj", "{AD434284-1518-4B61-A11E-B615E7C11455}"
EndProject
Project("{FAE04EC0-301F-11D3-BF4B-00C04F79EFBC}") = "Models", "Models\Models.csproj", "{31E30A1B-27BF-43E3-994B-1E398425E3A5}"
EndProject
Project("{FAE04EC0-301F-11D3-BF4B-00C04F79EFBC}") = "Application.API", "Application.API\Application.API.csproj", "{9B67BE78-F4C1-4F4A-BA45-CBBEFB8B9981}"
EndProject
Global
	GlobalSection(SolutionConfigurationPlatforms) = preSolution
		Debug|Any CPU = Debug|Any CPU
		Release|Any CPU = Release|Any CPU
	EndGlobalSection
	GlobalSection(ProjectConfigurationPlatforms) = postSolution
		{C8A3748A-4735-44BE-96DD-D2C915560B2A}.Debug|Any CPU.ActiveCfg = Debug|Any CPU
		{C8A3748A-4735-44BE-96DD-D2C915560B2A}.Debug|Any CPU.Build.0 = Debug|Any CPU
		{C8A3748A-4735-44BE-96DD-D2C915560B2A}.Release|Any CPU.ActiveCfg = Release|Any CPU
		{C8A3748A-4735-44BE-96DD-D2C915560B2A}.Release|Any CPU.Build.0 = Release|Any CPU
		{CAD2F453-A401-412A-A9EB-60E2C7A2EFE3}.Debug|Any CPU.ActiveCfg = Debug|Any CPU
		{CAD2F453-A401-412A-A9EB-60E2C7A2EFE3}.Debug|Any CPU.Build.0 = Debug|Any CPU
		{CAD2F453-A401-412A-A9EB-60E2C7A2EFE3}.Release|Any CPU.ActiveCfg = Release|Any CPU
		{CAD2F453-A401-412A-A9EB-60E2C7A2EFE3}.Release|Any CPU.Build.0 = Release|Any CPU
		{AD434284-1518-4B61-A11E-B615E7C11455}.Debug|Any CPU.ActiveCfg = Debug|Any CPU
		{AD434284-1518-4B61-A11E-B615E7C11455}.Debug|Any CPU.Build.0 = Debug|Any CPU
		{AD434284-1518-4B61-A11E-B615E7C11455}.Release|Any CPU.ActiveCfg = Release|Any CPU
		{AD434284-1518-4B61-A11E-B615E7C11455}.Release|Any CPU.Build.0 = Release|Any CPU
		{31E30A1B-27BF-43E3-994B-1E398425E3A5}.Debug|Any CPU.ActiveCfg = Debug|Any CPU
		{31E30A1B-27BF-43E3-994B-1E398425E3A5}.Debug|Any CPU.Build.0 = Debug|Any CPU
		{31E30A1B-27BF-43E3-994B-1E398425E3A5}.Release|Any CPU.ActiveCfg = Release|Any CPU
		{31E30A1B-27BF-43E3-994B-1E398425E3A5}.Release|Any CPU.Build.0 = Release|Any CPU
		{9B67BE78-F4C1-4F4A-BA45-CBBEFB8B9981}.Debug|Any CPU.ActiveCfg = Debug|Any CPU
		{9B67BE78-F4C1-4F4A-BA45-CBBEFB8B9981}.Debug|Any CPU.Build.0 = Debug|Any CPU
		{9B67BE78-F4C1-4F4A-BA45-CBBEFB8B9981}.Release|Any CPU.ActiveCfg = Release|Any CPU
		{9B67BE78-F4C1-4F4A-BA45-CBBEFB8B9981}.Release|Any CPU.Build.0 = Release|Any CPU
	EndGlobalSection
	GlobalSection(SolutionProperties) = preSolution
		HideSolutionNode = FALSE
	EndGlobalSection
	GlobalSection(ExtensibilityGlobals) = postSolution
		SolutionGuid = {C9D3EEB8-BA78-4EA1-A0E6-5DF9A4C6FCBA}
	EndGlobalSection
EndGlobal
